
Microsoft Visual Studio Solution File, Format Version 12.00
# Visual Studio Version 17
VisualStudioVersion = 17.5.002.0
MinimumVisualStudioVersion = 10.0.40219.1
Project("{9A19103F-16F7-4668-BE54-9A1E7A4F7556}") = "InputAndOutput", "InputAndOutput.csproj", "{57CCE3C1-A385-46EA-B061-32F2EDFA4E30}"
EndProject
Global
	GlobalSection(SolutionConfigurationPlatforms) = preSolution
		Debug|Any CPU = Debug|Any CPU
		Release|Any CPU = Release|Any CPU
	EndGlobalSection
	GlobalSection(ProjectConfigurationPlatforms) = postSolution
		{57CCE3C1-A385-46EA-B061-32F2EDFA4E30}.Debug|Any CPU.ActiveCfg = Debug|Any CPU
		{57CCE3C1-A385-46EA-B061-32F2EDFA4E30}.Debug|Any CPU.Build.0 = Debug|Any CPU
		{57CCE3C1-A385-46EA-B061-32F2EDFA4E30}.Release|Any CPU.ActiveCfg = Release|Any CPU
		{57CCE3C1-A385-46EA-B061-32F2EDFA4E30}.Release|Any CPU.Build.0 = Release|Any CPU
	EndGlobalSection
	GlobalSection(SolutionProperties) = preSolution
		HideSolutionNode = FALSE
	EndGlobalSection
	GlobalSection(ExtensibilityGlobals) = postSolution
		SolutionGuid = {00E903C0-D5A0-4198-95F3-50D3BE681679}
	EndGlobalSection
EndGlobal
